
Microsoft Visual Studio Solution File, Format Version 12.00
# Visual Studio Version 17
VisualStudioVersion = 17.9.34723.18
MinimumVisualStudioVersion = 10.0.40219.1
Project("{8BC9CEB8-8B4A-11D0-8D11-00A0C91BC942}") = "DHFS4_1", "DHFS4_1\DHFS4_1.vcxproj", "{CDF7E9B0-6776-4A00-ACB0-60F495ADDD9C}"
EndProject
Global
	GlobalSection(SolutionConfigurationPlatforms) = preSolution
		Debug|x64 = Debug|x64
		Debug|x86 = Debug|x86
		Release|x64 = Release|x64
		Release|x86 = Release|x86
	EndGlobalSection
	GlobalSection(ProjectConfigurationPlatforms) = postSolution
		{CDF7E9B0-6776-4A00-ACB0-60F495ADDD9C}.Debug|x64.ActiveCfg = Debug|x64
		{CDF7E9B0-6776-4A00-ACB0-60F495ADDD9C}.Debug|x64.Build.0 = Debug|x64
		{CDF7E9B0-6776-4A00-ACB0-60F495ADDD9C}.Debug|x86.ActiveCfg = Debug|Win32
		{CDF7E9B0-6776-4A00-ACB0-60F495ADDD9C}.Debug|x86.Build.0 = Debug|Win32
		{CDF7E9B0-6776-4A00-ACB0-60F495ADDD9C}.Release|x64.ActiveCfg = Release|x64
		{CDF7E9B0-6776-4A00-ACB0-60F495ADDD9C}.Release|x64.Build.0 = Release|x64
		{CDF7E9B0-6776-4A00-ACB0-60F495ADDD9C}.Release|x86.ActiveCfg = Release|Win32
		{CDF7E9B0-6776-4A00-ACB0-60F495ADDD9C}.Release|x86.Build.0 = Release|Win32
	EndGlobalSection
	GlobalSection(SolutionProperties) = preSolution
		HideSolutionNode = FALSE
	EndGlobalSection
	GlobalSection(ExtensibilityGlobals) = postSolution
		SolutionGuid = {4B240082-B813-4736-97AE-102005599317}
	EndGlobalSection
EndGlobal
